// !$*UTF8*$!
{
	archiveVersion = 1;
	classes = {
	};
	objectVersion = 55;
	objects = {

/* Begin PBXBuildFile section */
		3B2EB1DE283845FB0046DD6C /* MoodViewController.swift in Sources */ = {isa = PBXBuildFile; fileRef = 3B2EB1DD283845FB0046DD6C /* MoodViewController.swift */; };
		3B9AA3462839520E000E610B /* NotificationScheduler.swift in Sources */ = {isa = PBXBuildFile; fileRef = 3B9AA3452839520E000E610B /* NotificationScheduler.swift */; };
		3B9AA34828396E2C000E610B /* Strings.swift in Sources */ = {isa = PBXBuildFile; fileRef = 3B9AA34728396E2C000E610B /* Strings.swift */; };
		3B9F668F2838AD01002E3102 /* Mood+Convenience.swift in Sources */ = {isa = PBXBuildFile; fileRef = 3B9F668E2838AD01002E3102 /* Mood+Convenience.swift */; };
		3B9F66912838AE87002E3102 /* MoodController.swift in Sources */ = {isa = PBXBuildFile; fileRef = 3B9F66902838AE87002E3102 /* MoodController.swift */; };
		3BBE7F80283362FD00A013AC /* TakenDate.swift in Sources */ = {isa = PBXBuildFile; fileRef = 3BBE7F7F283362FD00A013AC /* TakenDate.swift */; };
		3BEC9FA42833069A001D455A /* AppDelegate.swift in Sources */ = {isa = PBXBuildFile; fileRef = 3BEC9FA32833069A001D455A /* AppDelegate.swift */; };
		3BEC9FA62833069A001D455A /* SceneDelegate.swift in Sources */ = {isa = PBXBuildFile; fileRef = 3BEC9FA52833069A001D455A /* SceneDelegate.swift */; };
		3BEC9FA82833069A001D455A /* MedicationListViewController.swift in Sources */ = {isa = PBXBuildFile; fileRef = 3BEC9FA72833069A001D455A /* MedicationListViewController.swift */; };
		3BEC9FAB2833069A001D455A /* Main.storyboard in Resources */ = {isa = PBXBuildFile; fileRef = 3BEC9FA92833069A001D455A /* Main.storyboard */; };
		3BEC9FAE2833069A001D455A /* MednManagerCoreDataPart1.xcdatamodeld in Sources */ = {isa = PBXBuildFile; fileRef = 3BEC9FAC2833069A001D455A /* MednManagerCoreDataPart1.xcdatamodeld */; };
		3BEC9FB0283306A1001D455A /* Assets.xcassets in Resources */ = {isa = PBXBuildFile; fileRef = 3BEC9FAF283306A1001D455A /* Assets.xcassets */; };
		3BEC9FB3283306A1001D455A /* LaunchScreen.storyboard in Resources */ = {isa = PBXBuildFile; fileRef = 3BEC9FB1283306A1001D455A /* LaunchScreen.storyboard */; };
		3BEC9FC228330CD1001D455A /* MedicationTableViewCell.swift in Sources */ = {isa = PBXBuildFile; fileRef = 3BEC9FC128330CD1001D455A /* MedicationTableViewCell.swift */; };
		3BEC9FC428330D1D001D455A /* MedicationDetailViewController.swift in Sources */ = {isa = PBXBuildFile; fileRef = 3BEC9FC328330D1D001D455A /* MedicationDetailViewController.swift */; };
		3BEC9FC628331218001D455A /* MedicationController.swift in Sources */ = {isa = PBXBuildFile; fileRef = 3BEC9FC528331218001D455A /* MedicationController.swift */; };
		3BEC9FC8283314BC001D455A /* CoreDataStack.swift in Sources */ = {isa = PBXBuildFile; fileRef = 3BEC9FC7283314BC001D455A /* CoreDataStack.swift */; };
		3BEC9FCA28331895001D455A /* Medication+Convenience.swift in Sources */ = {isa = PBXBuildFile; fileRef = 3BEC9FC928331895001D455A /* Medication+Convenience.swift */; };
		3BEC9FCD283322A0001D455A /* DateFormatter.swift in Sources */ = {isa = PBXBuildFile; fileRef = 3BEC9FCC283322A0001D455A /* DateFormatter.swift */; };
/* End PBXBuildFile section */

/* Begin PBXFileReference section */
		3B2EB1DD283845FB0046DD6C /* MoodViewController.swift */ = {isa = PBXFileReference; lastKnownFileType = sourcecode.swift; path = MoodViewController.swift; sourceTree = "<group>"; };
		3B9AA3452839520E000E610B /* NotificationScheduler.swift */ = {isa = PBXFileReference; lastKnownFileType = sourcecode.swift; path = NotificationScheduler.swift; sourceTree = "<group>"; };
		3B9AA34728396E2C000E610B /* Strings.swift */ = {isa = PBXFileReference; lastKnownFileType = sourcecode.swift; path = Strings.swift; sourceTree = "<group>"; };
		3B9F668E2838AD01002E3102 /* Mood+Convenience.swift */ = {isa = PBXFileReference; lastKnownFileType = sourcecode.swift; path = "Mood+Convenience.swift"; sourceTree = "<group>"; };
		3B9F66902838AE87002E3102 /* MoodController.swift */ = {isa = PBXFileReference; lastKnownFileType = sourcecode.swift; path = MoodController.swift; sourceTree = "<group>"; };
		3BBE7F7F283362FD00A013AC /* TakenDate.swift */ = {isa = PBXFileReference; lastKnownFileType = sourcecode.swift; path = TakenDate.swift; sourceTree = "<group>"; };
		3BEC9FA02833069A001D455A /* MednManagerCoreDataPart1.app */ = {isa = PBXFileReference; explicitFileType = wrapper.application; includeInIndex = 0; path = MednManagerCoreDataPart1.app; sourceTree = BUILT_PRODUCTS_DIR; };
		3BEC9FA32833069A001D455A /* AppDelegate.swift */ = {isa = PBXFileReference; lastKnownFileType = sourcecode.swift; path = AppDelegate.swift; sourceTree = "<group>"; };
		3BEC9FA52833069A001D455A /* SceneDelegate.swift */ = {isa = PBXFileReference; lastKnownFileType = sourcecode.swift; path = SceneDelegate.swift; sourceTree = "<group>"; };
		3BEC9FA72833069A001D455A /* MedicationListViewController.swift */ = {isa = PBXFileReference; lastKnownFileType = sourcecode.swift; path = MedicationListViewController.swift; sourceTree = "<group>"; };
		3BEC9FAA2833069A001D455A /* Base */ = {isa = PBXFileReference; lastKnownFileType = file.storyboard; name = Base; path = Base.lproj/Main.storyboard; sourceTree = "<group>"; };
		3BEC9FAD2833069A001D455A /* MednManagerCoreDataPart1.xcdatamodel */ = {isa = PBXFileReference; lastKnownFileType = wrapper.xcdatamodel; path = MednManagerCoreDataPart1.xcdatamodel; sourceTree = "<group>"; };
		3BEC9FAF283306A1001D455A /* Assets.xcassets */ = {isa = PBXFileReference; lastKnownFileType = folder.assetcatalog; path = Assets.xcassets; sourceTree = "<group>"; };
		3BEC9FB2283306A1001D455A /* Base */ = {isa = PBXFileReference; lastKnownFileType = file.storyboard; name = Base; path = Base.lproj/LaunchScreen.storyboard; sourceTree = "<group>"; };
		3BEC9FB4283306A1001D455A /* Info.plist */ = {isa = PBXFileReference; lastKnownFileType = text.plist.xml; path = Info.plist; sourceTree = "<group>"; };
		3BEC9FC128330CD1001D455A /* MedicationTableViewCell.swift */ = {isa = PBXFileReference; lastKnownFileType = sourcecode.swift; path = MedicationTableViewCell.swift; sourceTree = "<group>"; };
		3BEC9FC328330D1D001D455A /* MedicationDetailViewController.swift */ = {isa = PBXFileReference; lastKnownFileType = sourcecode.swift; path = MedicationDetailViewController.swift; sourceTree = "<group>"; };
		3BEC9FC528331218001D455A /* MedicationController.swift */ = {isa = PBXFileReference; lastKnownFileType = sourcecode.swift; path = MedicationController.swift; sourceTree = "<group>"; };
		3BEC9FC7283314BC001D455A /* CoreDataStack.swift */ = {isa = PBXFileReference; lastKnownFileType = sourcecode.swift; path = CoreDataStack.swift; sourceTree = "<group>"; };
		3BEC9FC928331895001D455A /* Medication+Convenience.swift */ = {isa = PBXFileReference; lastKnownFileType = sourcecode.swift; path = "Medication+Convenience.swift"; sourceTree = "<group>"; };
		3BEC9FCC283322A0001D455A /* DateFormatter.swift */ = {isa = PBXFileReference; lastKnownFileType = sourcecode.swift; path = DateFormatter.swift; sourceTree = "<group>"; };
/* End PBXFileReference section */

/* Begin PBXFrameworksBuildPhase section */
		3BEC9F9D2833069A001D455A /* Frameworks */ = {
			isa = PBXFrameworksBuildPhase;
			buildActionMask = 2147483647;
			files = (
			);
			runOnlyForDeploymentPostprocessing = 0;
		};
/* End PBXFrameworksBuildPhase section */

/* Begin PBXGroup section */
		3BEC9F972833069A001D455A = {
			isa = PBXGroup;
			children = (
				3BEC9FA22833069A001D455A /* MednManagerCoreDataPart1 */,
				3BEC9FA12833069A001D455A /* Products */,
			);
			sourceTree = "<group>";
		};
		3BEC9FA12833069A001D455A /* Products */ = {
			isa = PBXGroup;
			children = (
				3BEC9FA02833069A001D455A /* MednManagerCoreDataPart1.app */,
			);
			name = Products;
			sourceTree = "<group>";
		};
		3BEC9FA22833069A001D455A /* MednManagerCoreDataPart1 */ = {
			isa = PBXGroup;
			children = (
				3BEC9FCB2833226B001D455A /* Extensions+Helper */,
				3BEC9FBB28330707001D455A /* Model */,
				3BEC9FBC28330739001D455A /* Views */,
				3BEC9FBD28330756001D455A /* Controllers */,
				3BEC9FC028330CB1001D455A /* CustomViews */,
				3BEC9FBA283306E2001D455A /* Resources */,
			);
			path = MednManagerCoreDataPart1;
			sourceTree = "<group>";
		};
		3BEC9FBA283306E2001D455A /* Resources */ = {
			isa = PBXGroup;
			children = (
				3BEC9FA32833069A001D455A /* AppDelegate.swift */,
				3BEC9FA52833069A001D455A /* SceneDelegate.swift */,
				3BEC9FAF283306A1001D455A /* Assets.xcassets */,
				3BEC9FB1283306A1001D455A /* LaunchScreen.storyboard */,
				3BEC9FB4283306A1001D455A /* Info.plist */,
				3B9AA3452839520E000E610B /* NotificationScheduler.swift */,
				3B9AA34728396E2C000E610B /* Strings.swift */,
			);
			path = Resources;
			sourceTree = "<group>";
		};
		3BEC9FBB28330707001D455A /* Model */ = {
			isa = PBXGroup;
			children = (
				3BEC9FAC2833069A001D455A /* MednManagerCoreDataPart1.xcdatamodeld */,
				3BEC9FC7283314BC001D455A /* CoreDataStack.swift */,
				3BEC9FC928331895001D455A /* Medication+Convenience.swift */,
				3BBE7F7F283362FD00A013AC /* TakenDate.swift */,
				3B9F668E2838AD01002E3102 /* Mood+Convenience.swift */,
			);
			path = Model;
			sourceTree = "<group>";
		};
		3BEC9FBC28330739001D455A /* Views */ = {
			isa = PBXGroup;
			children = (
				3BEC9FA92833069A001D455A /* Main.storyboard */,
			);
			path = Views;
			sourceTree = "<group>";
		};
		3BEC9FBD28330756001D455A /* Controllers */ = {
			isa = PBXGroup;
			children = (
				3BEC9FBF28330779001D455A /* ModelControllers */,
				3BEC9FBE28330766001D455A /* ViewControllers */,
			);
			path = Controllers;
			sourceTree = "<group>";
		};
		3BEC9FBE28330766001D455A /* ViewControllers */ = {
			isa = PBXGroup;
			children = (
				3BEC9FA72833069A001D455A /* MedicationListViewController.swift */,
				3BEC9FC328330D1D001D455A /* MedicationDetailViewController.swift */,
				3B2EB1DD283845FB0046DD6C /* MoodViewController.swift */,
			);
			path = ViewControllers;
			sourceTree = "<group>";
		};
		3BEC9FBF28330779001D455A /* ModelControllers */ = {
			isa = PBXGroup;
			children = (
				3BEC9FC528331218001D455A /* MedicationController.swift */,
				3B9F66902838AE87002E3102 /* MoodController.swift */,
			);
			path = ModelControllers;
			sourceTree = "<group>";
		};
		3BEC9FC028330CB1001D455A /* CustomViews */ = {
			isa = PBXGroup;
			children = (
				3BEC9FC128330CD1001D455A /* MedicationTableViewCell.swift */,
			);
			path = CustomViews;
			sourceTree = "<group>";
		};
		3BEC9FCB2833226B001D455A /* Extensions+Helper */ = {
			isa = PBXGroup;
			children = (
				3BEC9FCC283322A0001D455A /* DateFormatter.swift */,
			);
			path = "Extensions+Helper";
			sourceTree = "<group>";
		};
/* End PBXGroup section */

/* Begin PBXNativeTarget section */
		3BEC9F9F2833069A001D455A /* MednManagerCoreDataPart1 */ = {
			isa = PBXNativeTarget;
			buildConfigurationList = 3BEC9FB7283306A1001D455A /* Build configuration list for PBXNativeTarget "MednManagerCoreDataPart1" */;
			buildPhases = (
				3BEC9F9C2833069A001D455A /* Sources */,
				3BEC9F9D2833069A001D455A /* Frameworks */,
				3BEC9F9E2833069A001D455A /* Resources */,
			);
			buildRules = (
			);
			dependencies = (
			);
			name = MednManagerCoreDataPart1;
			productName = MednManagerCoreDataPart1;
			productReference = 3BEC9FA02833069A001D455A /* MednManagerCoreDataPart1.app */;
			productType = "com.apple.product-type.application";
		};
/* End PBXNativeTarget section */

/* Begin PBXProject section */
		3BEC9F982833069A001D455A /* Project object */ = {
			isa = PBXProject;
			attributes = {
				BuildIndependentTargetsInParallel = 1;
				LastSwiftUpdateCheck = 1330;
				LastUpgradeCheck = 1330;
				TargetAttributes = {
					3BEC9F9F2833069A001D455A = {
						CreatedOnToolsVersion = 13.3.1;
					};
				};
			};
			buildConfigurationList = 3BEC9F9B2833069A001D455A /* Build configuration list for PBXProject "MednManagerCoreDataPart1" */;
			compatibilityVersion = "Xcode 13.0";
			developmentRegion = en;
			hasScannedForEncodings = 0;
			knownRegions = (
				en,
				Base,
			);
			mainGroup = 3BEC9F972833069A001D455A;
			productRefGroup = 3BEC9FA12833069A001D455A /* Products */;
			projectDirPath = "";
			projectRoot = "";
			targets = (
				3BEC9F9F2833069A001D455A /* MednManagerCoreDataPart1 */,
			);
		};
/* End PBXProject section */

/* Begin PBXResourcesBuildPhase section */
		3BEC9F9E2833069A001D455A /* Resources */ = {
			isa = PBXResourcesBuildPhase;
			buildActionMask = 2147483647;
			files = (
				3BEC9FB3283306A1001D455A /* LaunchScreen.storyboard in Resources */,
				3BEC9FB0283306A1001D455A /* Assets.xcassets in Resources */,
				3BEC9FAB2833069A001D455A /* Main.storyboard in Resources */,
			);
			runOnlyForDeploymentPostprocessing = 0;
		};
/* End PBXResourcesBuildPhase section */

/* Begin PBXSourcesBuildPhase section */
		3BEC9F9C2833069A001D455A /* Sources */ = {
			isa = PBXSourcesBuildPhase;
			buildActionMask = 2147483647;
			files = (
				3BEC9FCA28331895001D455A /* Medication+Convenience.swift in Sources */,
				3BEC9FC428330D1D001D455A /* MedicationDetailViewController.swift in Sources */,
				3B9AA34828396E2C000E610B /* Strings.swift in Sources */,
				3B9F66912838AE87002E3102 /* MoodController.swift in Sources */,
				3BEC9FA82833069A001D455A /* MedicationListViewController.swift in Sources */,
				3BEC9FA42833069A001D455A /* AppDelegate.swift in Sources */,
				3BEC9FCD283322A0001D455A /* DateFormatter.swift in Sources */,
				3B9F668F2838AD01002E3102 /* Mood+Convenience.swift in Sources */,
				3B9AA3462839520E000E610B /* NotificationScheduler.swift in Sources */,
				3B2EB1DE283845FB0046DD6C /* MoodViewController.swift in Sources */,
				3BEC9FA62833069A001D455A /* SceneDelegate.swift in Sources */,
				3BEC9FC628331218001D455A /* MedicationController.swift in Sources */,
				3BEC9FAE2833069A001D455A /* MednManagerCoreDataPart1.xcdatamodeld in Sources */,
				3BBE7F80283362FD00A013AC /* TakenDate.swift in Sources */,
				3BEC9FC228330CD1001D455A /* MedicationTableViewCell.swift in Sources */,
				3BEC9FC8283314BC001D455A /* CoreDataStack.swift in Sources */,
			);
			runOnlyForDeploymentPostprocessing = 0;
		};
/* End PBXSourcesBuildPhase section */

/* Begin PBXVariantGroup section */
		3BEC9FA92833069A001D455A /* Main.storyboard */ = {
			isa = PBXVariantGroup;
			children = (
				3BEC9FAA2833069A001D455A /* Base */,
			);
			name = Main.storyboard;
			sourceTree = "<group>";
		};
		3BEC9FB1283306A1001D455A /* LaunchScreen.storyboard */ = {
			isa = PBXVariantGroup;
			children = (
				3BEC9FB2283306A1001D455A /* Base */,
			);
			name = LaunchScreen.storyboard;
			sourceTree = "<group>";
		};
/* End PBXVariantGroup section */

/* Begin XCBuildConfiguration section */
		3BEC9FB5283306A1001D455A /* Debug */ = {
			isa = XCBuildConfiguration;
			buildSettings = {
				ALWAYS_SEARCH_USER_PATHS = NO;
				CLANG_ANALYZER_NONNULL = YES;
				CLANG_ANALYZER_NUMBER_OBJECT_CONVERSION = YES_AGGRESSIVE;
				CLANG_CXX_LANGUAGE_STANDARD = "gnu++17";
				CLANG_ENABLE_MODULES = YES;
				CLANG_ENABLE_OBJC_ARC = YES;
				CLANG_ENABLE_OBJC_WEAK = YES;
				CLANG_WARN_BLOCK_CAPTURE_AUTORELEASING = YES;
				CLANG_WARN_BOOL_CONVERSION = YES;
				CLANG_WARN_COMMA = YES;
				CLANG_WARN_CONSTANT_CONVERSION = YES;
				CLANG_WARN_DEPRECATED_OBJC_IMPLEMENTATIONS = YES;
				CLANG_WARN_DIRECT_OBJC_ISA_USAGE = YES_ERROR;
				CLANG_WARN_DOCUMENTATION_COMMENTS = YES;
				CLANG_WARN_EMPTY_BODY = YES;
				CLANG_WARN_ENUM_CONVERSION = YES;
				CLANG_WARN_INFINITE_RECURSION = YES;
				CLANG_WARN_INT_CONVERSION = YES;
				CLANG_WARN_NON_LITERAL_NULL_CONVERSION = YES;
				CLANG_WARN_OBJC_IMPLICIT_RETAIN_SELF = YES;
				CLANG_WARN_OBJC_LITERAL_CONVERSION = YES;
				CLANG_WARN_OBJC_ROOT_CLASS = YES_ERROR;
				CLANG_WARN_QUOTED_INCLUDE_IN_FRAMEWORK_HEADER = YES;
				CLANG_WARN_RANGE_LOOP_ANALYSIS = YES;
				CLANG_WARN_STRICT_PROTOTYPES = YES;
				CLANG_WARN_SUSPICIOUS_MOVE = YES;
				CLANG_WARN_UNGUARDED_AVAILABILITY = YES_AGGRESSIVE;
				CLANG_WARN_UNREACHABLE_CODE = YES;
				CLANG_WARN__DUPLICATE_METHOD_MATCH = YES;
				COPY_PHASE_STRIP = NO;
				DEBUG_INFORMATION_FORMAT = dwarf;
				ENABLE_STRICT_OBJC_MSGSEND = YES;
				ENABLE_TESTABILITY = YES;
				GCC_C_LANGUAGE_STANDARD = gnu11;
				GCC_DYNAMIC_NO_PIC = NO;
				GCC_NO_COMMON_BLOCKS = YES;
				GCC_OPTIMIZATION_LEVEL = 0;
				GCC_PREPROCESSOR_DEFINITIONS = (
					"DEBUG=1",
					"$(inherited)",
				);
				GCC_WARN_64_TO_32_BIT_CONVERSION = YES;
				GCC_WARN_ABOUT_RETURN_TYPE = YES_ERROR;
				GCC_WARN_UNDECLARED_SELECTOR = YES;
				GCC_WARN_UNINITIALIZED_AUTOS = YES_AGGRESSIVE;
				GCC_WARN_UNUSED_FUNCTION = YES;
				GCC_WARN_UNUSED_VARIABLE = YES;
				IPHONEOS_DEPLOYMENT_TARGET = 15.4;
				MTL_ENABLE_DEBUG_INFO = INCLUDE_SOURCE;
				MTL_FAST_MATH = YES;
				ONLY_ACTIVE_ARCH = YES;
				SDKROOT = iphoneos;
				SWIFT_ACTIVE_COMPILATION_CONDITIONS = DEBUG;
				SWIFT_OPTIMIZATION_LEVEL = "-Onone";
			};
			name = Debug;
		};
		3BEC9FB6283306A1001D455A /* Release */ = {
			isa = XCBuildConfiguration;
			buildSettings = {
				ALWAYS_SEARCH_USER_PATHS = NO;
				CLANG_ANALYZER_NONNULL = YES;
				CLANG_ANALYZER_NUMBER_OBJECT_CONVERSION = YES_AGGRESSIVE;
				CLANG_CXX_LANGUAGE_STANDARD = "gnu++17";
				CLANG_ENABLE_MODULES = YES;
				CLANG_ENABLE_OBJC_ARC = YES;
				CLANG_ENABLE_OBJC_WEAK = YES;
				CLANG_WARN_BLOCK_CAPTURE_AUTORELEASING = YES;
				CLANG_WARN_BOOL_CONVERSION = YES;
				CLANG_WARN_COMMA = YES;
				CLANG_WARN_CONSTANT_CONVERSION = YES;
				CLANG_WARN_DEPRECATED_OBJC_IMPLEMENTATIONS = YES;
				CLANG_WARN_DIRECT_OBJC_ISA_USAGE = YES_ERROR;
				CLANG_WARN_DOCUMENTATION_COMMENTS = YES;
				CLANG_WARN_EMPTY_BODY = YES;
				CLANG_WARN_ENUM_CONVERSION = YES;
				CLANG_WARN_INFINITE_RECURSION = YES;
				CLANG_WARN_INT_CONVERSION = YES;
				CLANG_WARN_NON_LITERAL_NULL_CONVERSION = YES;
				CLANG_WARN_OBJC_IMPLICIT_RETAIN_SELF = YES;
				CLANG_WARN_OBJC_LITERAL_CONVERSION = YES;
				CLANG_WARN_OBJC_ROOT_CLASS = YES_ERROR;
				CLANG_WARN_QUOTED_INCLUDE_IN_FRAMEWORK_HEADER = YES;
				CLANG_WARN_RANGE_LOOP_ANALYSIS = YES;
				CLANG_WARN_STRICT_PROTOTYPES = YES;
				CLANG_WARN_SUSPICIOUS_MOVE = YES;
				CLANG_WARN_UNGUARDED_AVAILABILITY = YES_AGGRESSIVE;
				CLANG_WARN_UNREACHABLE_CODE = YES;
				CLANG_WARN__DUPLICATE_METHOD_MATCH = YES;
				COPY_PHASE_STRIP = NO;
				DEBUG_INFORMATION_FORMAT = "dwarf-with-dsym";
				ENABLE_NS_ASSERTIONS = NO;
				ENABLE_STRICT_OBJC_MSGSEND = YES;
				GCC_C_LANGUAGE_STANDARD = gnu11;
				GCC_NO_COMMON_BLOCKS = YES;
				GCC_WARN_64_TO_32_BIT_CONVERSION = YES;
				GCC_WARN_ABOUT_RETURN_TYPE = YES_ERROR;
				GCC_WARN_UNDECLARED_SELECTOR = YES;
				GCC_WARN_UNINITIALIZED_AUTOS = YES_AGGRESSIVE;
				GCC_WARN_UNUSED_FUNCTION = YES;
				GCC_WARN_UNUSED_VARIABLE = YES;
				IPHONEOS_DEPLOYMENT_TARGET = 15.4;
				MTL_ENABLE_DEBUG_INFO = NO;
				MTL_FAST_MATH = YES;
				SDKROOT = iphoneos;
				SWIFT_COMPILATION_MODE = wholemodule;
				SWIFT_OPTIMIZATION_LEVEL = "-O";
				VALIDATE_PRODUCT = YES;
			};
			name = Release;
		};
		3BEC9FB8283306A1001D455A /* Debug */ = {
			isa = XCBuildConfiguration;
			buildSettings = {
				ASSETCATALOG_COMPILER_APPICON_NAME = AppIcon;
				ASSETCATALOG_COMPILER_GLOBAL_ACCENT_COLOR_NAME = AccentColor;
				CODE_SIGN_STYLE = Automatic;
				CURRENT_PROJECT_VERSION = 1;
				DEVELOPMENT_TEAM = G3VP62JDQQ;
				GENERATE_INFOPLIST_FILE = YES;
				INFOPLIST_FILE = MednManagerCoreDataPart1/Resources/Info.plist;
				INFOPLIST_KEY_UIApplicationSupportsIndirectInputEvents = YES;
				INFOPLIST_KEY_UILaunchStoryboardName = LaunchScreen;
				INFOPLIST_KEY_UIMainStoryboardFile = Main;
				INFOPLIST_KEY_UISupportedInterfaceOrientations_iPad = "UIInterfaceOrientationPortrait UIInterfaceOrientationPortraitUpsideDown UIInterfaceOrientationLandscapeLeft UIInterfaceOrientationLandscapeRight";
				INFOPLIST_KEY_UISupportedInterfaceOrientations_iPhone = "UIInterfaceOrientationPortrait UIInterfaceOrientationLandscapeLeft UIInterfaceOrientationLandscapeRight";
				LD_RUNPATH_SEARCH_PATHS = (
					"$(inherited)",
					"@executable_path/Frameworks",
				);
				MARKETING_VERSION = 1.0;
				PRODUCT_BUNDLE_IDENTIFIER = "com.mitya-kim.MednManagerCoreDataPart1";
				PRODUCT_NAME = "$(TARGET_NAME)";
				SWIFT_EMIT_LOC_STRINGS = YES;
				SWIFT_VERSION = 5.0;
				TARGETED_DEVICE_FAMILY = "1,2";
			};
			name = Debug;
		};
		3BEC9FB9283306A1001D455A /* Release */ = {
			isa = XCBuildConfiguration;
			buildSettings = {
				ASSETCATALOG_COMPILER_APPICON_NAME = AppIcon;
				ASSETCATALOG_COMPILER_GLOBAL_ACCENT_COLOR_NAME = AccentColor;
				CODE_SIGN_STYLE = Automatic;
				CURRENT_PROJECT_VERSION = 1;
				DEVELOPMENT_TEAM = G3VP62JDQQ;
				GENERATE_INFOPLIST_FILE = YES;
				INFOPLIST_FILE = MednManagerCoreDataPart1/Resources/Info.plist;
				INFOPLIST_KEY_UIApplicationSupportsIndirectInputEvents = YES;
				INFOPLIST_KEY_UILaunchStoryboardName = LaunchScreen;
				INFOPLIST_KEY_UIMainStoryboardFile = Main;
				INFOPLIST_KEY_UISupportedInterfaceOrientations_iPad = "UIInterfaceOrientationPortrait UIInterfaceOrientationPortraitUpsideDown UIInterfaceOrientationLandscapeLeft UIInterfaceOrientationLandscapeRight";
				INFOPLIST_KEY_UISupportedInterfaceOrientations_iPhone = "UIInterfaceOrientationPortrait UIInterfaceOrientationLandscapeLeft UIInterfaceOrientationLandscapeRight";
				LD_RUNPATH_SEARCH_PATHS = (
					"$(inherited)",
					"@executable_path/Frameworks",
				);
				MARKETING_VERSION = 1.0;
				PRODUCT_BUNDLE_IDENTIFIER = "com.mitya-kim.MednManagerCoreDataPart1";
				PRODUCT_NAME = "$(TARGET_NAME)";
				SWIFT_EMIT_LOC_STRINGS = YES;
				SWIFT_VERSION = 5.0;
				TARGETED_DEVICE_FAMILY = "1,2";
			};
			name = Release;
		};
/* End XCBuildConfiguration section */

/* Begin XCConfigurationList section */
		3BEC9F9B2833069A001D455A /* Build configuration list for PBXProject "MednManagerCoreDataPart1" */ = {
			isa = XCConfigurationList;
			buildConfigurations = (
				3BEC9FB5283306A1001D455A /* Debug */,
				3BEC9FB6283306A1001D455A /* Release */,
			);
			defaultConfigurationIsVisible = 0;
			defaultConfigurationName = Release;
		};
		3BEC9FB7283306A1001D455A /* Build configuration list for PBXNativeTarget "MednManagerCoreDataPart1" */ = {
			isa = XCConfigurationList;
			buildConfigurations = (
				3BEC9FB8283306A1001D455A /* Debug */,
				3BEC9FB9283306A1001D455A /* Release */,
			);
			defaultConfigurationIsVisible = 0;
			defaultConfigurationName = Release;
		};
/* End XCConfigurationList section */

/* Begin XCVersionGroup section */
		3BEC9FAC2833069A001D455A /* MednManagerCoreDataPart1.xcdatamodeld */ = {
			isa = XCVersionGroup;
			children = (
				3BEC9FAD2833069A001D455A /* MednManagerCoreDataPart1.xcdatamodel */,
			);
			currentVersion = 3BEC9FAD2833069A001D455A /* MednManagerCoreDataPart1.xcdatamodel */;
			path = MednManagerCoreDataPart1.xcdatamodeld;
			sourceTree = "<group>";
			versionGroupType = wrapper.xcdatamodel;
		};
/* End XCVersionGroup section */
	};
	rootObject = 3BEC9F982833069A001D455A /* Project object */;
}
